lockfileVersion: '9.0'

settings:
  autoInstallPeers: true
  excludeLinksFromLockfile: false

importers:

  .:
    dependencies:
      '@types/prismjs':
        specifier: ^1.26.5
        version: 1.26.5
      prismjs:
        specifier: ^1.30.0
        version: 1.30.0

packages:

  '@types/prismjs@1.26.5':
    resolution: {integrity: sha512-AUZTa7hQ2KY5L7AmtSiqxlhWxb4ina0yd8hNbl4TWuqnv/pFP0nDMb3YrfSBf4hJVGLh2YEIBfKaBW/9UEl6IQ==}

  prismjs@1.30.0:
    resolution: {integrity: sha512-DEvV2ZF2r2/63V+tK8hQvrR2ZGn10srHbXviTlcv7Kpzw8jWiNTqbVgjO3IY8RxrrOUF8VPMQQFysYYYv0YZxw==}
    engines: {node: '>=6'}

snapshots:

  '@types/prismjs@1.26.5': {}

  prismjs@1.30.0: {}
